// !$*UTF8*$!
{
	archiveVersion = 1;
	classes = {
	};
	objectVersion = 50;
	objects = {

/* Begin PBXBuildFile section */
		003FDF2021888A4F009A26E5 /* KeyMapper.swift in Sources */ = {isa = PBXBuildFile; fileRef = 003FDF1F21888A4F009A26E5 /* KeyMapper.swift */; };
		009C0C572180D66600D5A1AB /* AppDelegate.swift in Sources */ = {isa = PBXBuildFile; fileRef = 009C0C562180D66600D5A1AB /* AppDelegate.swift */; };
		009C0C592180D66800D5A1AB /* Assets.xcassets in Resources */ = {isa = PBXBuildFile; fileRef = 009C0C582180D66800D5A1AB /* Assets.xcassets */; };
		009C0C5C2180D66800D5A1AB /* MainMenu.xib in Resources */ = {isa = PBXBuildFile; fileRef = 009C0C5A2180D66800D5A1AB /* MainMenu.xib */; };
		009C0C672181CCDC00D5A1AB /* LineBufferController.swift in Sources */ = {isa = PBXBuildFile; fileRef = 009C0C662181CCDC00D5A1AB /* LineBufferController.swift */; };
		009C0C6B2181DE5200D5A1AB /* KeyCode.c in Sources */ = {isa = PBXBuildFile; fileRef = 009C0C6A2181DE5200D5A1AB /* KeyCode.c */; };
		009C0C6F21844A9500D5A1AB /* KeySender.swift in Sources */ = {isa = PBXBuildFile; fileRef = 009C0C6E21844A9500D5A1AB /* KeySender.swift */; };
		009C0C71218621AE00D5A1AB /* Credits.rtf in Resources */ = {isa = PBXBuildFile; fileRef = 009C0C70218621AE00D5A1AB /* Credits.rtf */; };
		009C0C7321871E5E00D5A1AB /* README.md in Resources */ = {isa = PBXBuildFile; fileRef = 009C0C7221871E5E00D5A1AB /* README.md */; };
		00AB4C73218B4F5F00C2F06A /* OptionalSecurityTextFieldManager.swift in Sources */ = {isa = PBXBuildFile; fileRef = 00AB4C72218B4F5F00C2F06A /* OptionalSecurityTextFieldManager.swift */; };
/* End PBXBuildFile section */

/* Begin PBXFileReference section */
		003FDF1F21888A4F009A26E5 /* KeyMapper.swift */ = {isa = PBXFileReference; lastKnownFileType = sourcecode.swift; path = KeyMapper.swift; sourceTree = "<group>"; };
		009C0C532180D66600D5A1AB /* WaitType.app */ = {isa = PBXFileReference; explicitFileType = wrapper.application; includeInIndex = 0; path = WaitType.app; sourceTree = BUILT_PRODUCTS_DIR; };
		009C0C562180D66600D5A1AB /* AppDelegate.swift */ = {isa = PBXFileReference; lastKnownFileType = sourcecode.swift; path = AppDelegate.swift; sourceTree = "<group>"; };
		009C0C582180D66800D5A1AB /* Assets.xcassets */ = {isa = PBXFileReference; lastKnownFileType = folder.assetcatalog; path = Assets.xcassets; sourceTree = "<group>"; };
		009C0C5B2180D66800D5A1AB /* Base */ = {isa = PBXFileReference; lastKnownFileType = file.xib; name = Base; path = Base.lproj/MainMenu.xib; sourceTree = "<group>"; };
		009C0C5D2180D66800D5A1AB /* Info.plist */ = {isa = PBXFileReference; lastKnownFileType = text.plist.xml; path = Info.plist; sourceTree = "<group>"; };
		009C0C5E2180D66800D5A1AB /* WaitType.entitlements */ = {isa = PBXFileReference; lastKnownFileType = text.plist.entitlements; path = WaitType.entitlements; sourceTree = "<group>"; };
		009C0C662181CCDC00D5A1AB /* LineBufferController.swift */ = {isa = PBXFileReference; lastKnownFileType = sourcecode.swift; path = LineBufferController.swift; sourceTree = "<group>"; };
		009C0C682181DE5200D5A1AB /* WaitType-Bridging-Header.h */ = {isa = PBXFileReference; lastKnownFileType = sourcecode.c.h; path = "WaitType-Bridging-Header.h"; sourceTree = "<group>"; };
		009C0C692181DE5200D5A1AB /* KeyCode.h */ = {isa = PBXFileReference; lastKnownFileType = sourcecode.c.h; path = KeyCode.h; sourceTree = "<group>"; };
		009C0C6A2181DE5200D5A1AB /* KeyCode.c */ = {isa = PBXFileReference; lastKnownFileType = sourcecode.c.c; path = KeyCode.c; sourceTree = "<group>"; };
		009C0C6E21844A9500D5A1AB /* KeySender.swift */ = {isa = PBXFileReference; lastKnownFileType = sourcecode.swift; path = KeySender.swift; sourceTree = "<group>"; };
		009C0C70218621AE00D5A1AB /* Credits.rtf */ = {isa = PBXFileReference; fileEncoding = 4; lastKnownFileType = text.rtf; path = Credits.rtf; sourceTree = "<group>"; };
		009C0C7221871E5E00D5A1AB /* README.md */ = {isa = PBXFileReference; fileEncoding = 4; lastKnownFileType = net.daringfireball.markdown; path = README.md; sourceTree = "<group>"; };
		00AB4C72218B4F5F00C2F06A /* OptionalSecurityTextFieldManager.swift */ = {isa = PBXFileReference; lastKnownFileType = sourcecode.swift; path = OptionalSecurityTextFieldManager.swift; sourceTree = "<group>"; };
/* End PBXFileReference section */

/* Begin PBXFrameworksBuildPhase section */
		009C0C502180D66600D5A1AB /* Frameworks */ = {
			isa = PBXFrameworksBuildPhase;
			buildActionMask = 2147483647;
			files = (
			);
			runOnlyForDeploymentPostprocessing = 0;
		};
/* End PBXFrameworksBuildPhase section */

/* Begin PBXGroup section */
		009C0C4A2180D66600D5A1AB = {
			isa = PBXGroup;
			children = (
				009C0C7221871E5E00D5A1AB /* README.md */,
				009C0C552180D66600D5A1AB /* WaitType */,
				009C0C542180D66600D5A1AB /* Products */,
			);
			sourceTree = "<group>";
		};
		009C0C542180D66600D5A1AB /* Products */ = {
			isa = PBXGroup;
			children = (
				009C0C532180D66600D5A1AB /* WaitType.app */,
			);
			name = Products;
			sourceTree = "<group>";
		};
		009C0C552180D66600D5A1AB /* WaitType */ = {
			isa = PBXGroup;
			children = (
				009C0C562180D66600D5A1AB /* AppDelegate.swift */,
				00AB4C72218B4F5F00C2F06A /* OptionalSecurityTextFieldManager.swift */,
				009C0C6E21844A9500D5A1AB /* KeySender.swift */,
				003FDF1F21888A4F009A26E5 /* KeyMapper.swift */,
				009C0C692181DE5200D5A1AB /* KeyCode.h */,
				009C0C6A2181DE5200D5A1AB /* KeyCode.c */,
				009C0C662181CCDC00D5A1AB /* LineBufferController.swift */,
				009C0C582180D66800D5A1AB /* Assets.xcassets */,
				009C0C5A2180D66800D5A1AB /* MainMenu.xib */,
				009C0C5D2180D66800D5A1AB /* Info.plist */,
				009C0C5E2180D66800D5A1AB /* WaitType.entitlements */,
				009C0C682181DE5200D5A1AB /* WaitType-Bridging-Header.h */,
				009C0C70218621AE00D5A1AB /* Credits.rtf */,
			);
			path = WaitType;
			sourceTree = "<group>";
		};
/* End PBXGroup section */

/* Begin PBXNativeTarget section */
		009C0C522180D66600D5A1AB /* WaitType */ = {
			isa = PBXNativeTarget;
			buildConfigurationList = 009C0C612180D66800D5A1AB /* Build configuration list for PBXNativeTarget "WaitType" */;
			buildPhases = (
				009C0C4F2180D66600D5A1AB /* Sources */,
				009C0C502180D66600D5A1AB /* Frameworks */,
				009C0C512180D66600D5A1AB /* Resources */,
			);
			buildRules = (
			);
			dependencies = (
			);
			name = WaitType;
			productName = WaitType;
			productReference = 009C0C532180D66600D5A1AB /* WaitType.app */;
			productType = "com.apple.product-type.application";
		};
/* End PBXNativeTarget section */

/* Begin PBXProject section */
		009C0C4B2180D66600D5A1AB /* Project object */ = {
			isa = PBXProject;
			attributes = {
				LastSwiftUpdateCheck = 1000;
				LastUpgradeCheck = 1000;
				ORGANIZATIONNAME = "Andrian Budantsov";
				TargetAttributes = {
					009C0C522180D66600D5A1AB = {
						CreatedOnToolsVersion = 10.0;
						LastSwiftMigration = 1000;
					};
				};
			};
			buildConfigurationList = 009C0C4E2180D66600D5A1AB /* Build configuration list for PBXProject "WaitType" */;
			compatibilityVersion = "Xcode 9.3";
			developmentRegion = en;
			hasScannedForEncodings = 0;
			knownRegions = (
				en,
				Base,
			);
			mainGroup = 009C0C4A2180D66600D5A1AB;
			productRefGroup = 009C0C542180D66600D5A1AB /* Products */;
			projectDirPath = "";
			projectRoot = "";
			targets = (
				009C0C522180D66600D5A1AB /* WaitType */,
			);
		};
/* End PBXProject section */

/* Begin PBXResourcesBuildPhase section */
		009C0C512180D66600D5A1AB /* Resources */ = {
			isa = PBXResourcesBuildPhase;
			buildActionMask = 2147483647;
			files = (
				009C0C592180D66800D5A1AB /* Assets.xcassets in Resources */,
				009C0C71218621AE00D5A1AB /* Credits.rtf in Resources */,
				009C0C7321871E5E00D5A1AB /* README.md in Resources */,
				009C0C5C2180D66800D5A1AB /* MainMenu.xib in Resources */,
			);
			runOnlyForDeploymentPostprocessing = 0;
		};
/* End PBXResourcesBuildPhase section */

/* Begin PBXSourcesBuildPhase section */
		009C0C4F2180D66600D5A1AB /* Sources */ = {
			isa = PBXSourcesBuildPhase;
			buildActionMask = 2147483647;
			files = (
				009C0C572180D66600D5A1AB /* AppDelegate.swift in Sources */,
				009C0C6F21844A9500D5A1AB /* KeySender.swift in Sources */,
				009C0C672181CCDC00D5A1AB /* LineBufferController.swift in Sources */,
				009C0C6B2181DE5200D5A1AB /* KeyCode.c in Sources */,
				003FDF2021888A4F009A26E5 /* KeyMapper.swift in Sources */,
				00AB4C73218B4F5F00C2F06A /* OptionalSecurityTextFieldManager.swift in Sources */,
			);
			runOnlyForDeploymentPostprocessing = 0;
		};
/* End PBXSourcesBuildPhase section */

/* Begin PBXVariantGroup section */
		009C0C5A2180D66800D5A1AB /* MainMenu.xib */ = {
			isa = PBXVariantGroup;
			children = (
				009C0C5B2180D66800D5A1AB /* Base */,
			);
			name = MainMenu.xib;
			sourceTree = "<group>";
		};
/* End PBXVariantGroup section */

/* Begin XCBuildConfiguration section */
		009C0C5F2180D66800D5A1AB /* Debug */ = {
			isa = XCBuildConfiguration;
			buildSettings = {
				ALWAYS_SEARCH_USER_PATHS = NO;
				CLANG_ANALYZER_NONNULL = YES;
				CLANG_ANALYZER_NUMBER_OBJECT_CONVERSION = YES_AGGRESSIVE;
				CLANG_CXX_LANGUAGE_STANDARD = "gnu++14";
				CLANG_CXX_LIBRARY = "libc++";
				CLANG_ENABLE_MODULES = YES;
				CLANG_ENABLE_OBJC_ARC = YES;
				CLANG_ENABLE_OBJC_WEAK = YES;
				CLANG_WARN_BLOCK_CAPTURE_AUTORELEASING = YES;
				CLANG_WARN_BOOL_CONVERSION = YES;
				CLANG_WARN_COMMA = YES;
				CLANG_WARN_CONSTANT_CONVERSION = YES;
				CLANG_WARN_DEPRECATED_OBJC_IMPLEMENTATIONS = YES;
				CLANG_WARN_DIRECT_OBJC_ISA_USAGE = YES_ERROR;
				CLANG_WARN_DOCUMENTATION_COMMENTS = YES;
				CLANG_WARN_EMPTY_BODY = YES;
				CLANG_WARN_ENUM_CONVERSION = YES;
				CLANG_WARN_INFINITE_RECURSION = YES;
				CLANG_WARN_INT_CONVERSION = YES;
				CLANG_WARN_NON_LITERAL_NULL_CONVERSION = YES;
				CLANG_WARN_OBJC_IMPLICIT_RETAIN_SELF = YES;
				CLANG_WARN_OBJC_LITERAL_CONVERSION = YES;
				CLANG_WARN_OBJC_ROOT_CLASS = YES_ERROR;
				CLANG_WARN_RANGE_LOOP_ANALYSIS = YES;
				CLANG_WARN_STRICT_PROTOTYPES = YES;
				CLANG_WARN_SUSPICIOUS_MOVE = YES;
				CLANG_WARN_UNGUARDED_AVAILABILITY = YES_AGGRESSIVE;
				CLANG_WARN_UNREACHABLE_CODE = YES;
				CLANG_WARN__DUPLICATE_METHOD_MATCH = YES;
				CODE_SIGN_IDENTITY = "Mac Developer";
				COPY_PHASE_STRIP = NO;
				DEBUG_INFORMATION_FORMAT = dwarf;
				ENABLE_STRICT_OBJC_MSGSEND = YES;
				ENABLE_TESTABILITY = YES;
				GCC_C_LANGUAGE_STANDARD = gnu11;
				GCC_DYNAMIC_NO_PIC = NO;
				GCC_NO_COMMON_BLOCKS = YES;
				GCC_OPTIMIZATION_LEVEL = 0;
				GCC_PREPROCESSOR_DEFINITIONS = (
					"DEBUG=1",
					"$(inherited)",
				);
				GCC_WARN_64_TO_32_BIT_CONVERSION = YES;
				GCC_WARN_ABOUT_RETURN_TYPE = YES_ERROR;
				GCC_WARN_UNDECLARED_SELECTOR = YES;
				GCC_WARN_UNINITIALIZED_AUTOS = YES_AGGRESSIVE;
				GCC_WARN_UNUSED_FUNCTION = YES;
				GCC_WARN_UNUSED_VARIABLE = YES;
				MACOSX_DEPLOYMENT_TARGET = 10.14;
				MTL_ENABLE_DEBUG_INFO = INCLUDE_SOURCE;
				MTL_FAST_MATH = YES;
				ONLY_ACTIVE_ARCH = YES;
				SDKROOT = macosx;
				SWIFT_ACTIVE_COMPILATION_CONDITIONS = DEBUG;
				SWIFT_OPTIMIZATION_LEVEL = "-Onone";
			};
			name = Debug;
		};
		009C0C602180D66800D5A1AB /* Release */ = {
			isa = XCBuildConfiguration;
			buildSettings = {
				ALWAYS_SEARCH_USER_PATHS = NO;
				CLANG_ANALYZER_NONNULL = YES;
				CLANG_ANALYZER_NUMBER_OBJECT_CONVERSION = YES_AGGRESSIVE;
				CLANG_CXX_LANGUAGE_STANDARD = "gnu++14";
				CLANG_CXX_LIBRARY = "libc++";
				CLANG_ENABLE_MODULES = YES;
				CLANG_ENABLE_OBJC_ARC = YES;
				CLANG_ENABLE_OBJC_WEAK = YES;
				CLANG_WARN_BLOCK_CAPTURE_AUTORELEASING = YES;
				CLANG_WARN_BOOL_CONVERSION = YES;
				CLANG_WARN_COMMA = YES;
				CLANG_WARN_CONSTANT_CONVERSION = YES;
				CLANG_WARN_DEPRECATED_OBJC_IMPLEMENTATIONS = YES;
				CLANG_WARN_DIRECT_OBJC_ISA_USAGE = YES_ERROR;
				CLANG_WARN_DOCUMENTATION_COMMENTS = YES;
				CLANG_WARN_EMPTY_BODY = YES;
				CLANG_WARN_ENUM_CONVERSION = YES;
				CLANG_WARN_INFINITE_RECURSION = YES;
				CLANG_WARN_INT_CONVERSION = YES;
				CLANG_WARN_NON_LITERAL_NULL_CONVERSION = YES;
				CLANG_WARN_OBJC_IMPLICIT_RETAIN_SELF = YES;
				CLANG_WARN_OBJC_LITERAL_CONVERSION = YES;
				CLANG_WARN_OBJC_ROOT_CLASS = YES_ERROR;
				CLANG_WARN_RANGE_LOOP_ANALYSIS = YES;
				CLANG_WARN_STRICT_PROTOTYPES = YES;
				CLANG_WARN_SUSPICIOUS_MOVE = YES;
				CLANG_WARN_UNGUARDED_AVAILABILITY = YES_AGGRESSIVE;
				CLANG_WARN_UNREACHABLE_CODE = YES;
				CLANG_WARN__DUPLICATE_METHOD_MATCH = YES;
				CODE_SIGN_IDENTITY = "Mac Developer";
				COPY_PHASE_STRIP = NO;
				DEBUG_INFORMATION_FORMAT = "dwarf-with-dsym";
				ENABLE_NS_ASSERTIONS = NO;
				ENABLE_STRICT_OBJC_MSGSEND = YES;
				GCC_C_LANGUAGE_STANDARD = gnu11;
				GCC_NO_COMMON_BLOCKS = YES;
				GCC_WARN_64_TO_32_BIT_CONVERSION = YES;
				GCC_WARN_ABOUT_RETURN_TYPE = YES_ERROR;
				GCC_WARN_UNDECLARED_SELECTOR = YES;
				GCC_WARN_UNINITIALIZED_AUTOS = YES_AGGRESSIVE;
				GCC_WARN_UNUSED_FUNCTION = YES;
				GCC_WARN_UNUSED_VARIABLE = YES;
				MACOSX_DEPLOYMENT_TARGET = 10.14;
				MTL_ENABLE_DEBUG_INFO = NO;
				MTL_FAST_MATH = YES;
				SDKROOT = macosx;
				SWIFT_COMPILATION_MODE = wholemodule;
				SWIFT_OPTIMIZATION_LEVEL = "-O";
			};
			name = Release;
		};
		009C0C622180D66800D5A1AB /* Debug */ = {
			isa = XCBuildConfiguration;
			buildSettings = {
				ASSETCATALOG_COMPILER_APPICON_NAME = AppIcon;
				CLANG_ENABLE_MODULES = YES;
				CODE_SIGN_ENTITLEMENTS = WaitType/WaitType.entitlements;
				CODE_SIGN_STYLE = Automatic;
				COMBINE_HIDPI_IMAGES = YES;
				DEVELOPMENT_TEAM = FA8DPD7WRW;
				ENABLE_HARDENED_RUNTIME = YES;
				INFOPLIST_FILE = WaitType/Info.plist;
				LD_RUNPATH_SEARCH_PATHS = (
					"$(inherited)",
					"@executable_path/../Frameworks",
				);
				MACOSX_DEPLOYMENT_TARGET = 10.10;
				PRODUCT_BUNDLE_IDENTIFIER = io.andrian.WaitType;
				PRODUCT_NAME = "$(TARGET_NAME)";
				SWIFT_OBJC_BRIDGING_HEADER = "WaitType/WaitType-Bridging-Header.h";
				SWIFT_OPTIMIZATION_LEVEL = "-Onone";
				SWIFT_VERSION = 4.2;
			};
			name = Debug;
		};
		009C0C632180D66800D5A1AB /* Release */ = {
			isa = XCBuildConfiguration;
			buildSettings = {
				ASSETCATALOG_COMPILER_APPICON_NAME = AppIcon;
				CLANG_ENABLE_MODULES = YES;
				CODE_SIGN_ENTITLEMENTS = WaitType/WaitType.entitlements;
				CODE_SIGN_STYLE = Automatic;
				COMBINE_HIDPI_IMAGES = YES;
				DEVELOPMENT_TEAM = FA8DPD7WRW;
				ENABLE_HARDENED_RUNTIME = YES;
				INFOPLIST_FILE = WaitType/Info.plist;
				LD_RUNPATH_SEARCH_PATHS = (
					"$(inherited)",
					"@executable_path/../Frameworks",
				);
				MACOSX_DEPLOYMENT_TARGET = 10.10;
				PRODUCT_BUNDLE_IDENTIFIER = io.andrian.WaitType;
				PRODUCT_NAME = "$(TARGET_NAME)";
				SWIFT_OBJC_BRIDGING_HEADER = "WaitType/WaitType-Bridging-Header.h";
				SWIFT_VERSION = 4.2;
			};
			name = Release;
		};
/* End XCBuildConfiguration section */

/* Begin XCConfigurationList section */
		009C0C4E2180D66600D5A1AB /* Build configuration list for PBXProject "WaitType" */ = {
			isa = XCConfigurationList;
			buildConfigurations = (
				009C0C5F2180D66800D5A1AB /* Debug */,
				009C0C602180D66800D5A1AB /* Release */,
			);
			defaultConfigurationIsVisible = 0;
			defaultConfigurationName = Release;
		};
		009C0C612180D66800D5A1AB /* Build configuration list for PBXNativeTarget "WaitType" */ = {
			isa = XCConfigurationList;
			buildConfigurations = (
				009C0C622180D66800D5A1AB /* Debug */,
				009C0C632180D66800D5A1AB /* Release */,
			);
			defaultConfigurationIsVisible = 0;
			defaultConfigurationName = Release;
		};
/* End XCConfigurationList section */
	};
	rootObject = 009C0C4B2180D66600D5A1AB /* Project object */;
}
